// !$*UTF8*$!
{
	archiveVersion = 1;
	classes = {
	};
	objectVersion = 52;
	objects = {

/* Begin PBXBuildFile section */
		830C7F11243B70EE00689718 /* CSV in Frameworks */ = {isa = PBXBuildFile; productRef = 830C7F10243B70EE00689718 /* CSV */; };
		83357D29246050440092E240 /* PrettyNamedObject.swift in Sources */ = {isa = PBXBuildFile; fileRef = 83357D28246050440092E240 /* PrettyNamedObject.swift */; };
		833845F02459B1BE0040BBB5 /* MastercardAuthProvider.swift in Sources */ = {isa = PBXBuildFile; fileRef = 833845EF2459B1BE0040BBB5 /* MastercardAuthProvider.swift */; };
		833845F22459BFCD0040BBB5 /* PaymentAgent.swift in Sources */ = {isa = PBXBuildFile; fileRef = 833845F12459BFCD0040BBB5 /* PaymentAgent.swift */; };
		83564B4B243CCCFB00B718AA /* VisaClassicSettlementProvider.swift in Sources */ = {isa = PBXBuildFile; fileRef = 83564B4A243CCCFB00B718AA /* VisaClassicSettlementProvider.swift */; };
		837659FD24361DF900B71BC2 /* MerchantAgent.swift in Sources */ = {isa = PBXBuildFile; fileRef = 837659FC24361DF900B71BC2 /* MerchantAgent.swift */; };
		83765A0124361F7000B71BC2 /* AmexSettlementProvider.swift in Sources */ = {isa = PBXBuildFile; fileRef = 83765A0024361F7000B71BC2 /* AmexSettlementProvider.swift */; };
		83765A0324361F8100B71BC2 /* MastercardSettlementProvider.swift in Sources */ = {isa = PBXBuildFile; fileRef = 83765A0224361F8100B71BC2 /* MastercardSettlementProvider.swift */; };
		83765A0524361F9200B71BC2 /* IcelandTransactionProvider.swift in Sources */ = {isa = PBXBuildFile; fileRef = 83765A0424361F9200B71BC2 /* IcelandTransactionProvider.swift */; };
		83765A0724362D0E00B71BC2 /* AgentController.swift in Sources */ = {isa = PBXBuildFile; fileRef = 83765A0624362D0E00B71BC2 /* AgentController.swift */; };
		83C9A6672434E77C0085278A /* Provider.swift in Sources */ = {isa = PBXBuildFile; fileRef = 83C9A6662434E77C0085278A /* Provider.swift */; };
		83C9A6692434E7C30085278A /* HarveyNicholsTransactionProvider.swift in Sources */ = {isa = PBXBuildFile; fileRef = 83C9A6682434E7C30085278A /* HarveyNicholsTransactionProvider.swift */; };
		83F75AC82434A2FB009125A4 /* GenerateOutputViewController.swift in Sources */ = {isa = PBXBuildFile; fileRef = 83F75AC72434A2FB009125A4 /* GenerateOutputViewController.swift */; };
		83FF8C8A243355DD00C948B4 /* AppDelegate.swift in Sources */ = {isa = PBXBuildFile; fileRef = 83FF8C89243355DD00C948B4 /* AppDelegate.swift */; };
		83FF8C8C243355DD00C948B4 /* MainViewController.swift in Sources */ = {isa = PBXBuildFile; fileRef = 83FF8C8B243355DD00C948B4 /* MainViewController.swift */; };
		83FF8C8E243355DE00C948B4 /* Assets.xcassets in Resources */ = {isa = PBXBuildFile; fileRef = 83FF8C8D243355DE00C948B4 /* Assets.xcassets */; };
		83FF8C91243355DE00C948B4 /* Main.storyboard in Resources */ = {isa = PBXBuildFile; fileRef = 83FF8C8F243355DE00C948B4 /* Main.storyboard */; };
		83FF8C9D243355DE00C948B4 /* TXMTestingToolTests.swift in Sources */ = {isa = PBXBuildFile; fileRef = 83FF8C9C243355DE00C948B4 /* TXMTestingToolTests.swift */; };
		83FF8CB0243373F500C948B4 /* Transaction.swift in Sources */ = {isa = PBXBuildFile; fileRef = 83FF8CAF243373F500C948B4 /* Transaction.swift */; };
		83FF8CB22433953B00C948B4 /* AddTransactionViewController.swift in Sources */ = {isa = PBXBuildFile; fileRef = 83FF8CB12433953B00C948B4 /* AddTransactionViewController.swift */; };
		E26E1A8124693EDA00AE1255 /* AmexAuthProvider.swift in Sources */ = {isa = PBXBuildFile; fileRef = E26E1A8024693EDA00AE1255 /* AmexAuthProvider.swift */; };
		E26E1A832469584200AE1255 /* VOPTransactionProvider.swift in Sources */ = {isa = PBXBuildFile; fileRef = E26E1A822469584200AE1255 /* VOPTransactionProvider.swift */; };
		E26E1A8A2469B32300AE1255 /* VOPTransaction.swift in Sources */ = {isa = PBXBuildFile; fileRef = E26E1A882469797100AE1255 /* VOPTransaction.swift */; };
		E26E1A8C2469E26700AE1255 /* Agent.swift in Sources */ = {isa = PBXBuildFile; fileRef = E26E1A8B2469E26700AE1255 /* Agent.swift */; };
		E27EE959243D249200D2EF58 /* NSStoryboard.swift in Sources */ = {isa = PBXBuildFile; fileRef = E27EE958243D249200D2EF58 /* NSStoryboard.swift */; };
		E293EFFF243CDECA00BA83E6 /* String.swift in Sources */ = {isa = PBXBuildFile; fileRef = E293EFFE243CDECA00BA83E6 /* String.swift */; };
		E293F004243CE62100BA83E6 /* ValidatableTextField.swift in Sources */ = {isa = PBXBuildFile; fileRef = E293F003243CE62100BA83E6 /* ValidatableTextField.swift */; };
		E293F008243D0B4A00BA83E6 /* AppMainWindowController.swift in Sources */ = {isa = PBXBuildFile; fileRef = E293F007243D0B4A00BA83E6 /* AppMainWindowController.swift */; };
/* End PBXBuildFile section */

/* Begin PBXContainerItemProxy section */
		83FF8C99243355DE00C948B4 /* PBXContainerItemProxy */ = {
			isa = PBXContainerItemProxy;
			containerPortal = 83FF8C7E243355DD00C948B4 /* Project object */;
			proxyType = 1;
			remoteGlobalIDString = 83FF8C85243355DD00C948B4;
			remoteInfo = TXMTestingTool;
		};
/* End PBXContainerItemProxy section */

/* Begin PBXFileReference section */
		83357D28246050440092E240 /* PrettyNamedObject.swift */ = {isa = PBXFileReference; lastKnownFileType = sourcecode.swift; path = PrettyNamedObject.swift; sourceTree = "<group>"; };
		833845EF2459B1BE0040BBB5 /* MastercardAuthProvider.swift */ = {isa = PBXFileReference; lastKnownFileType = sourcecode.swift; path = MastercardAuthProvider.swift; sourceTree = "<group>"; };
		833845F12459BFCD0040BBB5 /* PaymentAgent.swift */ = {isa = PBXFileReference; lastKnownFileType = sourcecode.swift; path = PaymentAgent.swift; sourceTree = "<group>"; };
		83564B4A243CCCFB00B718AA /* VisaClassicSettlementProvider.swift */ = {isa = PBXFileReference; lastKnownFileType = sourcecode.swift; path = VisaClassicSettlementProvider.swift; sourceTree = "<group>"; };
		837659FC24361DF900B71BC2 /* MerchantAgent.swift */ = {isa = PBXFileReference; lastKnownFileType = sourcecode.swift; path = MerchantAgent.swift; sourceTree = "<group>"; };
		83765A0024361F7000B71BC2 /* AmexSettlementProvider.swift */ = {isa = PBXFileReference; lastKnownFileType = sourcecode.swift; path = AmexSettlementProvider.swift; sourceTree = "<group>"; };
		83765A0224361F8100B71BC2 /* MastercardSettlementProvider.swift */ = {isa = PBXFileReference; lastKnownFileType = sourcecode.swift; path = MastercardSettlementProvider.swift; sourceTree = "<group>"; };
		83765A0424361F9200B71BC2 /* IcelandTransactionProvider.swift */ = {isa = PBXFileReference; lastKnownFileType = sourcecode.swift; path = IcelandTransactionProvider.swift; sourceTree = "<group>"; };
		83765A0624362D0E00B71BC2 /* AgentController.swift */ = {isa = PBXFileReference; lastKnownFileType = sourcecode.swift; path = AgentController.swift; sourceTree = "<group>"; };
		83C9A6662434E77C0085278A /* Provider.swift */ = {isa = PBXFileReference; lastKnownFileType = sourcecode.swift; path = Provider.swift; sourceTree = "<group>"; };
		83C9A6682434E7C30085278A /* HarveyNicholsTransactionProvider.swift */ = {isa = PBXFileReference; lastKnownFileType = sourcecode.swift; path = HarveyNicholsTransactionProvider.swift; sourceTree = "<group>"; };
		83F75AC72434A2FB009125A4 /* GenerateOutputViewController.swift */ = {isa = PBXFileReference; lastKnownFileType = sourcecode.swift; path = GenerateOutputViewController.swift; sourceTree = "<group>"; };
		83FF8C86243355DD00C948B4 /* TXMTestingTool.app */ = {isa = PBXFileReference; explicitFileType = wrapper.application; includeInIndex = 0; path = TXMTestingTool.app; sourceTree = BUILT_PRODUCTS_DIR; };
		83FF8C89243355DD00C948B4 /* AppDelegate.swift */ = {isa = PBXFileReference; lastKnownFileType = sourcecode.swift; path = AppDelegate.swift; sourceTree = "<group>"; };
		83FF8C8B243355DD00C948B4 /* MainViewController.swift */ = {isa = PBXFileReference; lastKnownFileType = sourcecode.swift; path = MainViewController.swift; sourceTree = "<group>"; };
		83FF8C8D243355DE00C948B4 /* Assets.xcassets */ = {isa = PBXFileReference; lastKnownFileType = folder.assetcatalog; path = Assets.xcassets; sourceTree = "<group>"; };
		83FF8C90243355DE00C948B4 /* Base */ = {isa = PBXFileReference; lastKnownFileType = file.storyboard; name = Base; path = Base.lproj/Main.storyboard; sourceTree = "<group>"; };
		83FF8C92243355DE00C948B4 /* Info.plist */ = {isa = PBXFileReference; lastKnownFileType = text.plist.xml; path = Info.plist; sourceTree = "<group>"; };
		83FF8C93243355DE00C948B4 /* TXMTestingTool.entitlements */ = {isa = PBXFileReference; lastKnownFileType = text.plist.entitlements; path = TXMTestingTool.entitlements; sourceTree = "<group>"; };
		83FF8C98243355DE00C948B4 /* TXMTestingToolTests.xctest */ = {isa = PBXFileReference; explicitFileType = wrapper.cfbundle; includeInIndex = 0; path = TXMTestingToolTests.xctest; sourceTree = BUILT_PRODUCTS_DIR; };
		83FF8C9C243355DE00C948B4 /* TXMTestingToolTests.swift */ = {isa = PBXFileReference; lastKnownFileType = sourcecode.swift; path = TXMTestingToolTests.swift; sourceTree = "<group>"; };
		83FF8C9E243355DE00C948B4 /* Info.plist */ = {isa = PBXFileReference; lastKnownFileType = text.plist.xml; path = Info.plist; sourceTree = "<group>"; };
		83FF8CAE24335AFE00C948B4 /* README.md */ = {isa = PBXFileReference; lastKnownFileType = net.daringfireball.markdown; path = README.md; sourceTree = "<group>"; };
		83FF8CAF243373F500C948B4 /* Transaction.swift */ = {isa = PBXFileReference; lastKnownFileType = sourcecode.swift; path = Transaction.swift; sourceTree = "<group>"; };
		83FF8CB12433953B00C948B4 /* AddTransactionViewController.swift */ = {isa = PBXFileReference; lastKnownFileType = sourcecode.swift; path = AddTransactionViewController.swift; sourceTree = "<group>"; };
		E262D27E243D2D380096D47A /* README.md */ = {isa = PBXFileReference; lastKnownFileType = net.daringfireball.markdown; path = README.md; sourceTree = "<group>"; };
		E26E1A8024693EDA00AE1255 /* AmexAuthProvider.swift */ = {isa = PBXFileReference; lastKnownFileType = sourcecode.swift; path = AmexAuthProvider.swift; sourceTree = "<group>"; };
		E26E1A822469584200AE1255 /* VOPTransactionProvider.swift */ = {isa = PBXFileReference; lastKnownFileType = sourcecode.swift; path = VOPTransactionProvider.swift; sourceTree = "<group>"; };
		E26E1A882469797100AE1255 /* VOPTransaction.swift */ = {isa = PBXFileReference; lastKnownFileType = sourcecode.swift; path = VOPTransaction.swift; sourceTree = "<group>"; };
		E26E1A8B2469E26700AE1255 /* Agent.swift */ = {isa = PBXFileReference; lastKnownFileType = sourcecode.swift; path = Agent.swift; sourceTree = "<group>"; };
		E27EE958243D249200D2EF58 /* NSStoryboard.swift */ = {isa = PBXFileReference; lastKnownFileType = sourcecode.swift; name = NSStoryboard.swift; path = TXMTestingTool/Extensions/NSStoryboard.swift; sourceTree = SOURCE_ROOT; };
		E293EFFE243CDECA00BA83E6 /* String.swift */ = {isa = PBXFileReference; lastKnownFileType = sourcecode.swift; name = String.swift; path = TXMTestingTool/Extensions/String.swift; sourceTree = SOURCE_ROOT; };
		E293F003243CE62100BA83E6 /* ValidatableTextField.swift */ = {isa = PBXFileReference; lastKnownFileType = sourcecode.swift; path = ValidatableTextField.swift; sourceTree = "<group>"; };
		E293F007243D0B4A00BA83E6 /* AppMainWindowController.swift */ = {isa = PBXFileReference; lastKnownFileType = sourcecode.swift; path = AppMainWindowController.swift; sourceTree = "<group>"; };
/* End PBXFileReference section */

/* Begin PBXFrameworksBuildPhase section */
		83FF8C83243355DD00C948B4 /* Frameworks */ = {
			isa = PBXFrameworksBuildPhase;
			buildActionMask = 2147483647;
			files = (
				830C7F11243B70EE00689718 /* CSV in Frameworks */,
			);
			runOnlyForDeploymentPostprocessing = 0;
		};
		83FF8C95243355DE00C948B4 /* Frameworks */ = {
			isa = PBXFrameworksBuildPhase;
			buildActionMask = 2147483647;
			files = (
			);
			runOnlyForDeploymentPostprocessing = 0;
		};
/* End PBXFrameworksBuildPhase section */

/* Begin PBXGroup section */
		83357D27246050310092E240 /* Protocols */ = {
			isa = PBXGroup;
			children = (
				E26E1A8B2469E26700AE1255 /* Agent.swift */,
				83357D28246050440092E240 /* PrettyNamedObject.swift */,
			);
			path = Protocols;
			sourceTree = "<group>";
		};
		83765A0824362E4000B71BC2 /* TransactionProviders */ = {
			isa = PBXGroup;
			children = (
				E293F000243CE0F400BA83E6 /* Merchant */,
				E293F001243CE0F900BA83E6 /* Payment */,
			);
			path = TransactionProviders;
			sourceTree = "<group>";
		};
		83FF8C7D243355DD00C948B4 = {
			isa = PBXGroup;
			children = (
				83FF8CAE24335AFE00C948B4 /* README.md */,
				83FF8C87243355DD00C948B4 /* Products */,
				83FF8C88243355DD00C948B4 /* TXMTestingTool */,
				83FF8C9B243355DE00C948B4 /* TXMTestingToolTests */,
			);
			sourceTree = "<group>";
		};
		83FF8C87243355DD00C948B4 /* Products */ = {
			isa = PBXGroup;
			children = (
				83FF8C86243355DD00C948B4 /* TXMTestingTool.app */,
				83FF8C98243355DE00C948B4 /* TXMTestingToolTests.xctest */,
			);
			name = Products;
			sourceTree = "<group>";
		};
		83FF8C88243355DD00C948B4 /* TXMTestingTool */ = {
			isa = PBXGroup;
			children = (
				83357D27246050310092E240 /* Protocols */,
				83FF8C89243355DD00C948B4 /* AppDelegate.swift */,
				83FF8CA72433561E00C948B4 /* Assets */,
				83FF8CAB2433574F00C948B4 /* Controllers */,
				83FF8CAC2433575400C948B4 /* Extensions */,
				83FF8CAD2433575F00C948B4 /* Model */,
				83FF8CAA243356FC00C948B4 /* Scenes */,
			);
			path = TXMTestingTool;
			sourceTree = "<group>";
		};
		83FF8C9B243355DE00C948B4 /* TXMTestingToolTests */ = {
			isa = PBXGroup;
			children = (
				83FF8C9C243355DE00C948B4 /* TXMTestingToolTests.swift */,
				83FF8C9E243355DE00C948B4 /* Info.plist */,
			);
			path = TXMTestingToolTests;
			sourceTree = "<group>";
		};
		83FF8CA72433561E00C948B4 /* Assets */ = {
			isa = PBXGroup;
			children = (
				83FF8C8D243355DE00C948B4 /* Assets.xcassets */,
				83FF8C8F243355DE00C948B4 /* Main.storyboard */,
				83FF8C92243355DE00C948B4 /* Info.plist */,
				83FF8C93243355DE00C948B4 /* TXMTestingTool.entitlements */,
			);
			path = Assets;
			sourceTree = "<group>";
		};
		83FF8CAA243356FC00C948B4 /* Scenes */ = {
			isa = PBXGroup;
			children = (
				E293F005243D0AE300BA83E6 /* View Controllers */,
				E293F002243CE5ED00BA83E6 /* Views */,
				E293F006243D0AEB00BA83E6 /* Window Controllers */,
			);
			path = Scenes;
			sourceTree = "<group>";
		};
		83FF8CAB2433574F00C948B4 /* Controllers */ = {
			isa = PBXGroup;
			children = (
				83765A0624362D0E00B71BC2 /* AgentController.swift */,
			);
			path = Controllers;
			sourceTree = "<group>";
		};
		83FF8CAC2433575400C948B4 /* Extensions */ = {
			isa = PBXGroup;
			children = (
				E27EE958243D249200D2EF58 /* NSStoryboard.swift */,
				E293EFFE243CDECA00BA83E6 /* String.swift */,
			);
			path = Extensions;
			sourceTree = "<group>";
		};
		83FF8CAD2433575F00C948B4 /* Model */ = {
			isa = PBXGroup;
			children = (
				837659FC24361DF900B71BC2 /* MerchantAgent.swift */,
				833845F12459BFCD0040BBB5 /* PaymentAgent.swift */,
				83C9A6662434E77C0085278A /* Provider.swift */,
				83FF8CAF243373F500C948B4 /* Transaction.swift */,
				83765A0824362E4000B71BC2 /* TransactionProviders */,
			);
			path = Model;
			sourceTree = "<group>";
		};
		E26E1A842469584800AE1255 /* Amex */ = {
			isa = PBXGroup;
			children = (
				E26E1A8024693EDA00AE1255 /* AmexAuthProvider.swift */,
				83765A0024361F7000B71BC2 /* AmexSettlementProvider.swift */,
			);
			path = Amex;
			sourceTree = "<group>";
		};
		E26E1A852469584F00AE1255 /* Mastercard */ = {
			isa = PBXGroup;
			children = (
				833845EF2459B1BE0040BBB5 /* MastercardAuthProvider.swift */,
				83765A0224361F8100B71BC2 /* MastercardSettlementProvider.swift */,
			);
			path = Mastercard;
			sourceTree = "<group>";
		};
		E26E1A862469585600AE1255 /* Visa (VOP) */ = {
			isa = PBXGroup;
			children = (
				E26E1A882469797100AE1255 /* VOPTransaction.swift */,
				E26E1A822469584200AE1255 /* VOPTransactionProvider.swift */,
			);
			path = "Visa (VOP)";
			sourceTree = "<group>";
		};
		E26E1A87246958F500AE1255 /* Visa (Classic) */ = {
			isa = PBXGroup;
			children = (
				83564B4A243CCCFB00B718AA /* VisaClassicSettlementProvider.swift */,
			);
			path = "Visa (Classic)";
			sourceTree = "<group>";
		};
		E293F000243CE0F400BA83E6 /* Merchant */ = {
			isa = PBXGroup;
			children = (
				83C9A6682434E7C30085278A /* HarveyNicholsTransactionProvider.swift */,
				83765A0424361F9200B71BC2 /* IcelandTransactionProvider.swift */,
			);
			path = Merchant;
			sourceTree = "<group>";
		};
		E293F001243CE0F900BA83E6 /* Payment */ = {
			isa = PBXGroup;
			children = (
				E262D27E243D2D380096D47A /* README.md */,
				E26E1A842469584800AE1255 /* Amex */,
				E26E1A852469584F00AE1255 /* Mastercard */,
				E26E1A87246958F500AE1255 /* Visa (Classic) */,
				E26E1A862469585600AE1255 /* Visa (VOP) */,
			);
			path = Payment;
			sourceTree = "<group>";
		};
		E293F002243CE5ED00BA83E6 /* Views */ = {
			isa = PBXGroup;
			children = (
				E293F003243CE62100BA83E6 /* ValidatableTextField.swift */,
			);
			path = Views;
			sourceTree = "<group>";
		};
		E293F005243D0AE300BA83E6 /* View Controllers */ = {
			isa = PBXGroup;
			children = (
				83FF8CB12433953B00C948B4 /* AddTransactionViewController.swift */,
				83F75AC72434A2FB009125A4 /* GenerateOutputViewController.swift */,
				83FF8C8B243355DD00C948B4 /* MainViewController.swift */,
			);
			path = "View Controllers";
			sourceTree = "<group>";
		};
		E293F006243D0AEB00BA83E6 /* Window Controllers */ = {
			isa = PBXGroup;
			children = (
				E293F007243D0B4A00BA83E6 /* AppMainWindowController.swift */,
			);
			path = "Window Controllers";
			sourceTree = "<group>";
		};
/* End PBXGroup section */

/* Begin PBXNativeTarget section */
		83FF8C85243355DD00C948B4 /* TXMTestingTool */ = {
			isa = PBXNativeTarget;
			buildConfigurationList = 83FF8CA1243355DE00C948B4 /* Build configuration list for PBXNativeTarget "TXMTestingTool" */;
			buildPhases = (
				83FF8C82243355DD00C948B4 /* Sources */,
				83FF8C83243355DD00C948B4 /* Frameworks */,
				83FF8C84243355DD00C948B4 /* Resources */,
			);
			buildRules = (
			);
			dependencies = (
			);
			name = TXMTestingTool;
			packageProductDependencies = (
				830C7F10243B70EE00689718 /* CSV */,
			);
			productName = TXMTestingTool;
			productReference = 83FF8C86243355DD00C948B4 /* TXMTestingTool.app */;
			productType = "com.apple.product-type.application";
		};
		83FF8C97243355DE00C948B4 /* TXMTestingToolTests */ = {
			isa = PBXNativeTarget;
			buildConfigurationList = 83FF8CA4243355DE00C948B4 /* Build configuration list for PBXNativeTarget "TXMTestingToolTests" */;
			buildPhases = (
				83FF8C94243355DE00C948B4 /* Sources */,
				83FF8C95243355DE00C948B4 /* Frameworks */,
				83FF8C96243355DE00C948B4 /* Resources */,
			);
			buildRules = (
			);
			dependencies = (
				83FF8C9A243355DE00C948B4 /* PBXTargetDependency */,
			);
			name = TXMTestingToolTests;
			productName = TXMTestingToolTests;
			productReference = 83FF8C98243355DE00C948B4 /* TXMTestingToolTests.xctest */;
			productType = "com.apple.product-type.bundle.unit-test";
		};
/* End PBXNativeTarget section */

/* Begin PBXProject section */
		83FF8C7E243355DD00C948B4 /* Project object */ = {
			isa = PBXProject;
			attributes = {
				LastSwiftUpdateCheck = 1130;
				LastUpgradeCheck = 1140;
				ORGANIZATIONNAME = Bink;
				TargetAttributes = {
					83FF8C85243355DD00C948B4 = {
						CreatedOnToolsVersion = 11.3.1;
					};
					83FF8C97243355DE00C948B4 = {
						CreatedOnToolsVersion = 11.3.1;
						TestTargetID = 83FF8C85243355DD00C948B4;
					};
				};
			};
			buildConfigurationList = 83FF8C81243355DD00C948B4 /* Build configuration list for PBXProject "TXMTestingTool" */;
			compatibilityVersion = "Xcode 9.3";
			developmentRegion = en;
			hasScannedForEncodings = 0;
			knownRegions = (
				en,
				Base,
			);
			mainGroup = 83FF8C7D243355DD00C948B4;
			packageReferences = (
				830C7F0F243B70EE00689718 /* XCRemoteSwiftPackageReference "CSV.swift" */,
			);
			productRefGroup = 83FF8C87243355DD00C948B4 /* Products */;
			projectDirPath = "";
			projectRoot = "";
			targets = (
				83FF8C85243355DD00C948B4 /* TXMTestingTool */,
				83FF8C97243355DE00C948B4 /* TXMTestingToolTests */,
			);
		};
/* End PBXProject section */

/* Begin PBXResourcesBuildPhase section */
		83FF8C84243355DD00C948B4 /* Resources */ = {
			isa = PBXResourcesBuildPhase;
			buildActionMask = 2147483647;
			files = (
				83FF8C8E243355DE00C948B4 /* Assets.xcassets in Resources */,
				83FF8C91243355DE00C948B4 /* Main.storyboard in Resources */,
			);
			runOnlyForDeploymentPostprocessing = 0;
		};
		83FF8C96243355DE00C948B4 /* Resources */ = {
			isa = PBXResourcesBuildPhase;
			buildActionMask = 2147483647;
			files = (
			);
			runOnlyForDeploymentPostprocessing = 0;
		};
/* End PBXResourcesBuildPhase section */

/* Begin PBXSourcesBuildPhase section */
		83FF8C82243355DD00C948B4 /* Sources */ = {
			isa = PBXSourcesBuildPhase;
			buildActionMask = 2147483647;
			files = (
				83F75AC82434A2FB009125A4 /* GenerateOutputViewController.swift in Sources */,
				E26E1A832469584200AE1255 /* VOPTransactionProvider.swift in Sources */,
				83765A0724362D0E00B71BC2 /* AgentController.swift in Sources */,
				83C9A6672434E77C0085278A /* Provider.swift in Sources */,
				83FF8C8C243355DD00C948B4 /* MainViewController.swift in Sources */,
				E293F008243D0B4A00BA83E6 /* AppMainWindowController.swift in Sources */,
				833845F22459BFCD0040BBB5 /* PaymentAgent.swift in Sources */,
				83FF8C8A243355DD00C948B4 /* AppDelegate.swift in Sources */,
				83765A0124361F7000B71BC2 /* AmexSettlementProvider.swift in Sources */,
				837659FD24361DF900B71BC2 /* MerchantAgent.swift in Sources */,
				83357D29246050440092E240 /* PrettyNamedObject.swift in Sources */,
				E26E1A8124693EDA00AE1255 /* AmexAuthProvider.swift in Sources */,
				83FF8CB0243373F500C948B4 /* Transaction.swift in Sources */,
				E27EE959243D249200D2EF58 /* NSStoryboard.swift in Sources */,
				83765A0524361F9200B71BC2 /* IcelandTransactionProvider.swift in Sources */,
				83765A0324361F8100B71BC2 /* MastercardSettlementProvider.swift in Sources */,
				83C9A6692434E7C30085278A /* HarveyNicholsTransactionProvider.swift in Sources */,
				E26E1A8A2469B32300AE1255 /* VOPTransaction.swift in Sources */,
				833845F02459B1BE0040BBB5 /* MastercardAuthProvider.swift in Sources */,
				83564B4B243CCCFB00B718AA /* VisaClassicSettlementProvider.swift in Sources */,
				E293EFFF243CDECA00BA83E6 /* String.swift in Sources */,
				E26E1A8C2469E26700AE1255 /* Agent.swift in Sources */,
				E293F004243CE62100BA83E6 /* ValidatableTextField.swift in Sources */,
				83FF8CB22433953B00C948B4 /* AddTransactionViewController.swift in Sources */,
			);
			runOnlyForDeploymentPostprocessing = 0;
		};
		83FF8C94243355DE00C948B4 /* Sources */ = {
			isa = PBXSourcesBuildPhase;
			buildActionMask = 2147483647;
			files = (
				83FF8C9D243355DE00C948B4 /* TXMTestingToolTests.swift in Sources */,
			);
			runOnlyForDeploymentPostprocessing = 0;
		};
/* End PBXSourcesBuildPhase section */

/* Begin PBXTargetDependency section */
		83FF8C9A243355DE00C948B4 /* PBXTargetDependency */ = {
			isa = PBXTargetDependency;
			target = 83FF8C85243355DD00C948B4 /* TXMTestingTool */;
			targetProxy = 83FF8C99243355DE00C948B4 /* PBXContainerItemProxy */;
		};
/* End PBXTargetDependency section */

/* Begin PBXVariantGroup section */
		83FF8C8F243355DE00C948B4 /* Main.storyboard */ = {
			isa = PBXVariantGroup;
			children = (
				83FF8C90243355DE00C948B4 /* Base */,
			);
			name = Main.storyboard;
			sourceTree = "<group>";
		};
/* End PBXVariantGroup section */

/* Begin XCBuildConfiguration section */
		83FF8C9F243355DE00C948B4 /* Debug */ = {
			isa = XCBuildConfiguration;
			buildSettings = {
				ALWAYS_SEARCH_USER_PATHS = NO;
				CLANG_ANALYZER_NONNULL = YES;
				CLANG_ANALYZER_NUMBER_OBJECT_CONVERSION = YES_AGGRESSIVE;
				CLANG_CXX_LANGUAGE_STANDARD = "gnu++14";
				CLANG_CXX_LIBRARY = "libc++";
				CLANG_ENABLE_MODULES = YES;
				CLANG_ENABLE_OBJC_ARC = YES;
				CLANG_ENABLE_OBJC_WEAK = YES;
				CLANG_WARN_BLOCK_CAPTURE_AUTORELEASING = YES;
				CLANG_WARN_BOOL_CONVERSION = YES;
				CLANG_WARN_COMMA = YES;
				CLANG_WARN_CONSTANT_CONVERSION = YES;
				CLANG_WARN_DEPRECATED_OBJC_IMPLEMENTATIONS = YES;
				CLANG_WARN_DIRECT_OBJC_ISA_USAGE = YES_ERROR;
				CLANG_WARN_DOCUMENTATION_COMMENTS = YES;
				CLANG_WARN_EMPTY_BODY = YES;
				CLANG_WARN_ENUM_CONVERSION = YES;
				CLANG_WARN_INFINITE_RECURSION = YES;
				CLANG_WARN_INT_CONVERSION = YES;
				CLANG_WARN_NON_LITERAL_NULL_CONVERSION = YES;
				CLANG_WARN_OBJC_IMPLICIT_RETAIN_SELF = YES;
				CLANG_WARN_OBJC_LITERAL_CONVERSION = YES;
				CLANG_WARN_OBJC_ROOT_CLASS = YES_ERROR;
				CLANG_WARN_RANGE_LOOP_ANALYSIS = YES;
				CLANG_WARN_STRICT_PROTOTYPES = YES;
				CLANG_WARN_SUSPICIOUS_MOVE = YES;
				CLANG_WARN_UNGUARDED_AVAILABILITY = YES_AGGRESSIVE;
				CLANG_WARN_UNREACHABLE_CODE = YES;
				CLANG_WARN__DUPLICATE_METHOD_MATCH = YES;
				COPY_PHASE_STRIP = NO;
				DEBUG_INFORMATION_FORMAT = dwarf;
				ENABLE_STRICT_OBJC_MSGSEND = YES;
				ENABLE_TESTABILITY = YES;
				GCC_C_LANGUAGE_STANDARD = gnu11;
				GCC_DYNAMIC_NO_PIC = NO;
				GCC_NO_COMMON_BLOCKS = YES;
				GCC_OPTIMIZATION_LEVEL = 0;
				GCC_PREPROCESSOR_DEFINITIONS = (
					"DEBUG=1",
					"$(inherited)",
				);
				GCC_WARN_64_TO_32_BIT_CONVERSION = YES;
				GCC_WARN_ABOUT_RETURN_TYPE = YES_ERROR;
				GCC_WARN_UNDECLARED_SELECTOR = YES;
				GCC_WARN_UNINITIALIZED_AUTOS = YES_AGGRESSIVE;
				GCC_WARN_UNUSED_FUNCTION = YES;
				GCC_WARN_UNUSED_VARIABLE = YES;
				MACOSX_DEPLOYMENT_TARGET = 10.15;
				MTL_ENABLE_DEBUG_INFO = INCLUDE_SOURCE;
				MTL_FAST_MATH = YES;
				ONLY_ACTIVE_ARCH = YES;
				SDKROOT = macosx;
				SWIFT_ACTIVE_COMPILATION_CONDITIONS = DEBUG;
				SWIFT_OPTIMIZATION_LEVEL = "-Onone";
			};
			name = Debug;
		};
		83FF8CA0243355DE00C948B4 /* Release */ = {
			isa = XCBuildConfiguration;
			buildSettings = {
				ALWAYS_SEARCH_USER_PATHS = NO;
				CLANG_ANALYZER_NONNULL = YES;
				CLANG_ANALYZER_NUMBER_OBJECT_CONVERSION = YES_AGGRESSIVE;
				CLANG_CXX_LANGUAGE_STANDARD = "gnu++14";
				CLANG_CXX_LIBRARY = "libc++";
				CLANG_ENABLE_MODULES = YES;
				CLANG_ENABLE_OBJC_ARC = YES;
				CLANG_ENABLE_OBJC_WEAK = YES;
				CLANG_WARN_BLOCK_CAPTURE_AUTORELEASING = YES;
				CLANG_WARN_BOOL_CONVERSION = YES;
				CLANG_WARN_COMMA = YES;
				CLANG_WARN_CONSTANT_CONVERSION = YES;
				CLANG_WARN_DEPRECATED_OBJC_IMPLEMENTATIONS = YES;
				CLANG_WARN_DIRECT_OBJC_ISA_USAGE = YES_ERROR;
				CLANG_WARN_DOCUMENTATION_COMMENTS = YES;
				CLANG_WARN_EMPTY_BODY = YES;
				CLANG_WARN_ENUM_CONVERSION = YES;
				CLANG_WARN_INFINITE_RECURSION = YES;
				CLANG_WARN_INT_CONVERSION = YES;
				CLANG_WARN_NON_LITERAL_NULL_CONVERSION = YES;
				CLANG_WARN_OBJC_IMPLICIT_RETAIN_SELF = YES;
				CLANG_WARN_OBJC_LITERAL_CONVERSION = YES;
				CLANG_WARN_OBJC_ROOT_CLASS = YES_ERROR;
				CLANG_WARN_RANGE_LOOP_ANALYSIS = YES;
				CLANG_WARN_STRICT_PROTOTYPES = YES;
				CLANG_WARN_SUSPICIOUS_MOVE = YES;
				CLANG_WARN_UNGUARDED_AVAILABILITY = YES_AGGRESSIVE;
				CLANG_WARN_UNREACHABLE_CODE = YES;
				CLANG_WARN__DUPLICATE_METHOD_MATCH = YES;
				COPY_PHASE_STRIP = NO;
				DEBUG_INFORMATION_FORMAT = "dwarf-with-dsym";
				ENABLE_NS_ASSERTIONS = NO;
				ENABLE_STRICT_OBJC_MSGSEND = YES;
				GCC_C_LANGUAGE_STANDARD = gnu11;
				GCC_NO_COMMON_BLOCKS = YES;
				GCC_WARN_64_TO_32_BIT_CONVERSION = YES;
				GCC_WARN_ABOUT_RETURN_TYPE = YES_ERROR;
				GCC_WARN_UNDECLARED_SELECTOR = YES;
				GCC_WARN_UNINITIALIZED_AUTOS = YES_AGGRESSIVE;
				GCC_WARN_UNUSED_FUNCTION = YES;
				GCC_WARN_UNUSED_VARIABLE = YES;
				MACOSX_DEPLOYMENT_TARGET = 10.15;
				MTL_ENABLE_DEBUG_INFO = NO;
				MTL_FAST_MATH = YES;
				SDKROOT = macosx;
				SWIFT_COMPILATION_MODE = wholemodule;
				SWIFT_OPTIMIZATION_LEVEL = "-O";
			};
			name = Release;
		};
		83FF8CA2243355DE00C948B4 /* Debug */ = {
			isa = XCBuildConfiguration;
			buildSettings = {
				ASSETCATALOG_COMPILER_APPICON_NAME = AppIcon;
				CODE_SIGN_ENTITLEMENTS = TXMTestingTool/Assets/TXMTestingTool.entitlements;
				CODE_SIGN_IDENTITY = "-";
				CODE_SIGN_STYLE = Manual;
				COMBINE_HIDPI_IMAGES = YES;
				DEVELOPMENT_TEAM = "";
				ENABLE_HARDENED_RUNTIME = YES;
				INFOPLIST_FILE = TXMTestingTool/Assets/Info.plist;
				LD_RUNPATH_SEARCH_PATHS = (
					"$(inherited)",
					"@executable_path/../Frameworks",
				);
				MACOSX_DEPLOYMENT_TARGET = 10.14;
				MARKETING_VERSION = 1.4;
				PRODUCT_BUNDLE_IDENTIFIER = com.bink.txmtestingtool;
				PRODUCT_NAME = "$(TARGET_NAME)";
				PROVISIONING_PROFILE_SPECIFIER = "";
				SWIFT_VERSION = 5.0;
			};
			name = Debug;
		};
		83FF8CA3243355DE00C948B4 /* Release */ = {
			isa = XCBuildConfiguration;
			buildSettings = {
				ASSETCATALOG_COMPILER_APPICON_NAME = AppIcon;
				CODE_SIGN_ENTITLEMENTS = TXMTestingTool/Assets/TXMTestingTool.entitlements;
				CODE_SIGN_IDENTITY = "Developer ID Application";
				CODE_SIGN_STYLE = Manual;
				COMBINE_HIDPI_IMAGES = YES;
				DEVELOPMENT_TEAM = HC34M8YE55;
				ENABLE_HARDENED_RUNTIME = YES;
				INFOPLIST_FILE = TXMTestingTool/Assets/Info.plist;
				LD_RUNPATH_SEARCH_PATHS = (
					"$(inherited)",
					"@executable_path/../Frameworks",
				);
				MACOSX_DEPLOYMENT_TARGET = 10.14;
				MARKETING_VERSION = 1.4;
				PRODUCT_BUNDLE_IDENTIFIER = com.bink.txmtestingtool;
				PRODUCT_NAME = "$(TARGET_NAME)";
				PROVISIONING_PROFILE_SPECIFIER = "TXM Testing Tool Provisioning Profile";
				SWIFT_VERSION = 5.0;
			};
			name = Release;
		};
		83FF8CA5243355DE00C948B4 /* Debug */ = {
			isa = XCBuildConfiguration;
			buildSettings = {
				ALWAYS_EMBED_SWIFT_STANDARD_LIBRARIES = YES;
				BUNDLE_LOADER = "$(TEST_HOST)";
				CODE_SIGN_STYLE = Automatic;
				COMBINE_HIDPI_IMAGES = YES;
				INFOPLIST_FILE = TXMTestingToolTests/Info.plist;
				LD_RUNPATH_SEARCH_PATHS = (
					"$(inherited)",
					"@executable_path/../Frameworks",
					"@loader_path/../Frameworks",
				);
				MACOSX_DEPLOYMENT_TARGET = 10.15;
				PRODUCT_BUNDLE_IDENTIFIER = com.bink.TXMTestingToolTests;
				PRODUCT_NAME = "$(TARGET_NAME)";
				SWIFT_VERSION = 5.0;
				TEST_HOST = "$(BUILT_PRODUCTS_DIR)/TXMTestingTool.app/Contents/MacOS/TXMTestingTool";
			};
			name = Debug;
		};
		83FF8CA6243355DE00C948B4 /* Release */ = {
			isa = XCBuildConfiguration;
			buildSettings = {
				ALWAYS_EMBED_SWIFT_STANDARD_LIBRARIES = YES;
				BUNDLE_LOADER = "$(TEST_HOST)";
				CODE_SIGN_STYLE = Automatic;
				COMBINE_HIDPI_IMAGES = YES;
				INFOPLIST_FILE = TXMTestingToolTests/Info.plist;
				LD_RUNPATH_SEARCH_PATHS = (
					"$(inherited)",
					"@executable_path/../Frameworks",
					"@loader_path/../Frameworks",
				);
				MACOSX_DEPLOYMENT_TARGET = 10.15;
				PRODUCT_BUNDLE_IDENTIFIER = com.bink.TXMTestingToolTests;
				PRODUCT_NAME = "$(TARGET_NAME)";
				SWIFT_VERSION = 5.0;
				TEST_HOST = "$(BUILT_PRODUCTS_DIR)/TXMTestingTool.app/Contents/MacOS/TXMTestingTool";
			};
			name = Release;
		};
/* End XCBuildConfiguration section */

/* Begin XCConfigurationList section */
		83FF8C81243355DD00C948B4 /* Build configuration list for PBXProject "TXMTestingTool" */ = {
			isa = XCConfigurationList;
			buildConfigurations = (
				83FF8C9F243355DE00C948B4 /* Debug */,
				83FF8CA0243355DE00C948B4 /* Release */,
			);
			defaultConfigurationIsVisible = 0;
			defaultConfigurationName = Release;
		};
		83FF8CA1243355DE00C948B4 /* Build configuration list for PBXNativeTarget "TXMTestingTool" */ = {
			isa = XCConfigurationList;
			buildConfigurations = (
				83FF8CA2243355DE00C948B4 /* Debug */,
				83FF8CA3243355DE00C948B4 /* Release */,
			);
			defaultConfigurationIsVisible = 0;
			defaultConfigurationName = Release;
		};
		83FF8CA4243355DE00C948B4 /* Build configuration list for PBXNativeTarget "TXMTestingToolTests" */ = {
			isa = XCConfigurationList;
			buildConfigurations = (
				83FF8CA5243355DE00C948B4 /* Debug */,
				83FF8CA6243355DE00C948B4 /* Release */,
			);
			defaultConfigurationIsVisible = 0;
			defaultConfigurationName = Release;
		};
/* End XCConfigurationList section */

/* Begin XCRemoteSwiftPackageReference section */
		830C7F0F243B70EE00689718 /* XCRemoteSwiftPackageReference "CSV.swift" */ = {
			isa = XCRemoteSwiftPackageReference;
			repositoryURL = "https://github.com/yaslab/CSV.swift.git";
			requirement = {
				kind = upToNextMinorVersion;
				minimumVersion = 2.4.3;
			};
		};
/* End XCRemoteSwiftPackageReference section */

/* Begin XCSwiftPackageProductDependency section */
		830C7F10243B70EE00689718 /* CSV */ = {
			isa = XCSwiftPackageProductDependency;
			package = 830C7F0F243B70EE00689718 /* XCRemoteSwiftPackageReference "CSV.swift" */;
			productName = CSV;
		};
/* End XCSwiftPackageProductDependency section */
	};
	rootObject = 83FF8C7E243355DD00C948B4 /* Project object */;
}
